
Microsoft Visual Studio Solution File, Format Version 12.00
# Visual Studio Version 18
VisualStudioVersion = 18.1.11304.174
MinimumVisualStudioVersion = 10.0.40219.1
Project("{FAE04EC0-301F-11D3-BF4B-00C04F79EFBC}") = "SwedishCrossword", "SwedishCrossword\SwedishCrossword.csproj", "{36C7B907-63C4-4454-AAF5-B7ED994CF2CA}"
EndProject
Project("{FAE04EC0-301F-11D3-BF4B-00C04F79EFBC}") = "SwedishCrossword.Tests", "SwedishCrossword.Tests\SwedishCrossword.Tests.csproj", "{6EC8D8EE-9881-569B-AA8B-5CB8F82343DA}"
EndProject
Project("{FAE04EC0-301F-11D3-BF4B-00C04F79EFBC}") = "ClueHandler", "ClueHandler\ClueHandler.csproj", "{8977B1F6-FF7F-4293-B6A0-84216B41874C}"
EndProject
Project("{FAE04EC0-301F-11D3-BF4B-00C04F79EFBC}") = "SwedishCrossword.Core", "SwedishCrossword.Core\SwedishCrossword.Core.csproj", "{DDA7FCED-10AD-44A6-8DC5-8F2746E4DD42}"
EndProject
Project("{FAE04EC0-301F-11D3-BF4B-00C04F79EFBC}") = "SwedishCrossword.Api", "SwedishCrossword.Api\SwedishCrossword.Api.csproj", "{574CB46F-06E5-414A-8576-3235A38CF3D6}"
EndProject
Project("{FAE04EC0-301F-11D3-BF4B-00C04F79EFBC}") = "SwedishCrossword.Api.Tests", "SwedishCrossword.Api.Tests\SwedishCrossword.Api.Tests.csproj", "{AFFAD176-89C4-4F8D-857A-E2C97AA5D1B9}"
EndProject
Global
	GlobalSection(SolutionConfigurationPlatforms) = preSolution
		Debug|Any CPU = Debug|Any CPU
		Debug|x64 = Debug|x64
		Debug|x86 = Debug|x86
		Release|Any CPU = Release|Any CPU
		Release|x64 = Release|x64
		Release|x86 = Release|x86
	EndGlobalSection
	GlobalSection(ProjectConfigurationPlatforms) = postSolution
		{36C7B907-63C4-4454-AAF5-B7ED994CF2CA}.Debug|Any CPU.ActiveCfg = Debug|Any CPU
		{36C7B907-63C4-4454-AAF5-B7ED994CF2CA}.Debug|Any CPU.Build.0 = Debug|Any CPU
		{36C7B907-63C4-4454-AAF5-B7ED994CF2CA}.Debug|x64.ActiveCfg = Debug|Any CPU
		{36C7B907-63C4-4454-AAF5-B7ED994CF2CA}.Debug|x64.Build.0 = Debug|Any CPU
		{36C7B907-63C4-4454-AAF5-B7ED994CF2CA}.Debug|x86.ActiveCfg = Debug|Any CPU
		{36C7B907-63C4-4454-AAF5-B7ED994CF2CA}.Debug|x86.Build.0 = Debug|Any CPU
		{36C7B907-63C4-4454-AAF5-B7ED994CF2CA}.Release|Any CPU.ActiveCfg = Release|Any CPU
		{36C7B907-63C4-4454-AAF5-B7ED994CF2CA}.Release|Any CPU.Build.0 = Release|Any CPU
		{36C7B907-63C4-4454-AAF5-B7ED994CF2CA}.Release|x64.ActiveCfg = Release|Any CPU
		{36C7B907-63C4-4454-AAF5-B7ED994CF2CA}.Release|x64.Build.0 = Release|Any CPU
		{36C7B907-63C4-4454-AAF5-B7ED994CF2CA}.Release|x86.ActiveCfg = Release|Any CPU
		{36C7B907-63C4-4454-AAF5-B7ED994CF2CA}.Release|x86.Build.0 = Release|Any CPU
		{6EC8D8EE-9881-569B-AA8B-5CB8F82343DA}.Debug|Any CPU.ActiveCfg = Debug|Any CPU
		{6EC8D8EE-9881-569B-AA8B-5CB8F82343DA}.Debug|Any CPU.Build.0 = Debug|Any CPU
		{6EC8D8EE-9881-569B-AA8B-5CB8F82343DA}.Debug|x64.ActiveCfg = Debug|Any CPU
		{6EC8D8EE-9881-569B-AA8B-5CB8F82343DA}.Debug|x64.Build.0 = Debug|Any CPU
		{6EC8D8EE-9881-569B-AA8B-5CB8F82343DA}.Debug|x86.ActiveCfg = Debug|Any CPU
		{6EC8D8EE-9881-569B-AA8B-5CB8F82343DA}.Debug|x86.Build.0 = Debug|Any CPU
		{6EC8D8EE-9881-569B-AA8B-5CB8F82343DA}.Release|Any CPU.ActiveCfg = Release|Any CPU
		{6EC8D8EE-9881-569B-AA8B-5CB8F82343DA}.Release|Any CPU.Build.0 = Release|Any CPU
		{6EC8D8EE-9881-569B-AA8B-5CB8F82343DA}.Release|x64.ActiveCfg = Release|Any CPU
		{6EC8D8EE-9881-569B-AA8B-5CB8F82343DA}.Release|x64.Build.0 = Release|Any CPU
		{6EC8D8EE-9881-569B-AA8B-5CB8F82343DA}.Release|x86.ActiveCfg = Release|Any CPU
		{6EC8D8EE-9881-569B-AA8B-5CB8F82343DA}.Release|x86.Build.0 = Release|Any CPU
		{8977B1F6-FF7F-4293-B6A0-84216B41874C}.Debug|Any CPU.ActiveCfg = Debug|Any CPU
		{8977B1F6-FF7F-4293-B6A0-84216B41874C}.Debug|Any CPU.Build.0 = Debug|Any CPU
		{8977B1F6-FF7F-4293-B6A0-84216B41874C}.Debug|x64.ActiveCfg = Debug|Any CPU
		{8977B1F6-FF7F-4293-B6A0-84216B41874C}.Debug|x64.Build.0 = Debug|Any CPU
		{8977B1F6-FF7F-4293-B6A0-84216B41874C}.Debug|x86.ActiveCfg = Debug|Any CPU
		{8977B1F6-FF7F-4293-B6A0-84216B41874C}.Debug|x86.Build.0 = Debug|Any CPU
		{8977B1F6-FF7F-4293-B6A0-84216B41874C}.Release|Any CPU.ActiveCfg = Release|Any CPU
		{8977B1F6-FF7F-4293-B6A0-84216B41874C}.Release|Any CPU.Build.0 = Release|Any CPU
		{8977B1F6-FF7F-4293-B6A0-84216B41874C}.Release|x64.ActiveCfg = Release|Any CPU
		{8977B1F6-FF7F-4293-B6A0-84216B41874C}.Release|x64.Build.0 = Release|Any CPU
		{8977B1F6-FF7F-4293-B6A0-84216B41874C}.Release|x86.ActiveCfg = Release|Any CPU
		{8977B1F6-FF7F-4293-B6A0-84216B41874C}.Release|x86.Build.0 = Release|Any CPU
		{DDA7FCED-10AD-44A6-8DC5-8F2746E4DD42}.Debug|Any CPU.ActiveCfg = Debug|Any CPU
		{DDA7FCED-10AD-44A6-8DC5-8F2746E4DD42}.Debug|Any CPU.Build.0 = Debug|Any CPU
		{DDA7FCED-10AD-44A6-8DC5-8F2746E4DD42}.Debug|x64.ActiveCfg = Debug|Any CPU
		{DDA7FCED-10AD-44A6-8DC5-8F2746E4DD42}.Debug|x64.Build.0 = Debug|Any CPU
		{DDA7FCED-10AD-44A6-8DC5-8F2746E4DD42}.Debug|x86.ActiveCfg = Debug|Any CPU
		{DDA7FCED-10AD-44A6-8DC5-8F2746E4DD42}.Debug|x86.Build.0 = Debug|Any CPU
		{DDA7FCED-10AD-44A6-8DC5-8F2746E4DD42}.Release|Any CPU.ActiveCfg = Release|Any CPU
		{DDA7FCED-10AD-44A6-8DC5-8F2746E4DD42}.Release|Any CPU.Build.0 = Release|Any CPU
		{DDA7FCED-10AD-44A6-8DC5-8F2746E4DD42}.Release|x64.ActiveCfg = Release|Any CPU
		{DDA7FCED-10AD-44A6-8DC5-8F2746E4DD42}.Release|x64.Build.0 = Release|Any CPU
		{DDA7FCED-10AD-44A6-8DC5-8F2746E4DD42}.Release|x86.ActiveCfg = Release|Any CPU
		{DDA7FCED-10AD-44A6-8DC5-8F2746E4DD42}.Release|x86.Build.0 = Release|Any CPU
		{574CB46F-06E5-414A-8576-3235A38CF3D6}.Debug|Any CPU.ActiveCfg = Debug|Any CPU
		{574CB46F-06E5-414A-8576-3235A38CF3D6}.Debug|Any CPU.Build.0 = Debug|Any CPU
		{574CB46F-06E5-414A-8576-3235A38CF3D6}.Debug|x64.ActiveCfg = Debug|Any CPU
		{574CB46F-06E5-414A-8576-3235A38CF3D6}.Debug|x64.Build.0 = Debug|Any CPU
		{574CB46F-06E5-414A-8576-3235A38CF3D6}.Debug|x86.ActiveCfg = Debug|Any CPU
		{574CB46F-06E5-414A-8576-3235A38CF3D6}.Debug|x86.Build.0 = Debug|Any CPU
		{574CB46F-06E5-414A-8576-3235A38CF3D6}.Release|Any CPU.ActiveCfg = Release|Any CPU
		{574CB46F-06E5-414A-8576-3235A38CF3D6}.Release|Any CPU.Build.0 = Release|Any CPU
		{574CB46F-06E5-414A-8576-3235A38CF3D6}.Release|x64.ActiveCfg = Release|Any CPU
		{574CB46F-06E5-414A-8576-3235A38CF3D6}.Release|x64.Build.0 = Release|Any CPU
		{574CB46F-06E5-414A-8576-3235A38CF3D6}.Release|x86.ActiveCfg = Release|Any CPU
		{574CB46F-06E5-414A-8576-3235A38CF3D6}.Release|x86.Build.0 = Release|Any CPU
		{AFFAD176-89C4-4F8D-857A-E2C97AA5D1B9}.Debug|Any CPU.ActiveCfg = Debug|Any CPU
		{AFFAD176-89C4-4F8D-857A-E2C97AA5D1B9}.Debug|Any CPU.Build.0 = Debug|Any CPU
		{AFFAD176-89C4-4F8D-857A-E2C97AA5D1B9}.Debug|x64.ActiveCfg = Debug|Any CPU
		{AFFAD176-89C4-4F8D-857A-E2C97AA5D1B9}.Debug|x64.Build.0 = Debug|Any CPU
		{AFFAD176-89C4-4F8D-857A-E2C97AA5D1B9}.Debug|x86.ActiveCfg = Debug|Any CPU
		{AFFAD176-89C4-4F8D-857A-E2C97AA5D1B9}.Debug|x86.Build.0 = Debug|Any CPU
		{AFFAD176-89C4-4F8D-857A-E2C97AA5D1B9}.Release|Any CPU.ActiveCfg = Release|Any CPU
		{AFFAD176-89C4-4F8D-857A-E2C97AA5D1B9}.Release|Any CPU.Build.0 = Release|Any CPU
		{AFFAD176-89C4-4F8D-857A-E2C97AA5D1B9}.Release|x64.ActiveCfg = Release|Any CPU
		{AFFAD176-89C4-4F8D-857A-E2C97AA5D1B9}.Release|x64.Build.0 = Release|Any CPU
		{AFFAD176-89C4-4F8D-857A-E2C97AA5D1B9}.Release|x86.ActiveCfg = Release|Any CPU
		{AFFAD176-89C4-4F8D-857A-E2C97AA5D1B9}.Release|x86.Build.0 = Release|Any CPU
	EndGlobalSection
	GlobalSection(SolutionProperties) = preSolution
		HideSolutionNode = FALSE
	EndGlobalSection
	GlobalSection(ExtensibilityGlobals) = postSolution
		SolutionGuid = {7AEBA70F-2F33-43D7-A4DE-39BFFC02734A}
	EndGlobalSection
EndGlobal
