
Microsoft Visual Studio Solution File, Format Version 12.00
# Visual Studio Version 18
VisualStudioVersion = 18.1.11304.174 d18.0
MinimumVisualStudioVersion = 10.0.40219.1
Project("{FAE04EC0-301F-11D3-BF4B-00C04F79EFBC}") = "SwedishCrossword", "SwedishCrossword\SwedishCrossword.csproj", "{36C7B907-63C4-4454-AAF5-B7ED994CF2CA}"
EndProject
Project("{FAE04EC0-301F-11D3-BF4B-00C04F79EFBC}") = "SwedishCrossword.Tests", "SwedishCrossword.Tests\SwedishCrossword.Tests.csproj", "{6EC8D8EE-9881-569B-AA8B-5CB8F82343DA}"
EndProject
Global
	GlobalSection(SolutionConfigurationPlatforms) = preSolution
		Debug|Any CPU = Debug|Any CPU
		Debug|x64 = Debug|x64
		Debug|x86 = Debug|x86
		Release|Any CPU = Release|Any CPU
		Release|x64 = Release|x64
		Release|x86 = Release|x86
	EndGlobalSection
	GlobalSection(ProjectConfigurationPlatforms) = postSolution
		{36C7B907-63C4-4454-AAF5-B7ED994CF2CA}.Debug|Any CPU.ActiveCfg = Debug|Any CPU
		{36C7B907-63C4-4454-AAF5-B7ED994CF2CA}.Debug|Any CPU.Build.0 = Debug|Any CPU
		{36C7B907-63C4-4454-AAF5-B7ED994CF2CA}.Debug|x64.ActiveCfg = Debug|Any CPU
		{36C7B907-63C4-4454-AAF5-B7ED994CF2CA}.Debug|x64.Build.0 = Debug|Any CPU
		{36C7B907-63C4-4454-AAF5-B7ED994CF2CA}.Debug|x86.ActiveCfg = Debug|Any CPU
		{36C7B907-63C4-4454-AAF5-B7ED994CF2CA}.Debug|x86.Build.0 = Debug|Any CPU
		{36C7B907-63C4-4454-AAF5-B7ED994CF2CA}.Release|Any CPU.ActiveCfg = Release|Any CPU
		{36C7B907-63C4-4454-AAF5-B7ED994CF2CA}.Release|Any CPU.Build.0 = Release|Any CPU
		{36C7B907-63C4-4454-AAF5-B7ED994CF2CA}.Release|x64.ActiveCfg = Release|Any CPU
		{36C7B907-63C4-4454-AAF5-B7ED994CF2CA}.Release|x64.Build.0 = Release|Any CPU
		{36C7B907-63C4-4454-AAF5-B7ED994CF2CA}.Release|x86.ActiveCfg = Release|Any CPU
		{36C7B907-63C4-4454-AAF5-B7ED994CF2CA}.Release|x86.Build.0 = Release|Any CPU
		{6EC8D8EE-9881-569B-AA8B-5CB8F82343DA}.Debug|Any CPU.ActiveCfg = Debug|Any CPU
		{6EC8D8EE-9881-569B-AA8B-5CB8F82343DA}.Debug|Any CPU.Build.0 = Debug|Any CPU
		{6EC8D8EE-9881-569B-AA8B-5CB8F82343DA}.Debug|x64.ActiveCfg = Debug|Any CPU
		{6EC8D8EE-9881-569B-AA8B-5CB8F82343DA}.Debug|x64.Build.0 = Debug|Any CPU
		{6EC8D8EE-9881-569B-AA8B-5CB8F82343DA}.Debug|x86.ActiveCfg = Debug|Any CPU
		{6EC8D8EE-9881-569B-AA8B-5CB8F82343DA}.Debug|x86.Build.0 = Debug|Any CPU
		{6EC8D8EE-9881-569B-AA8B-5CB8F82343DA}.Release|Any CPU.ActiveCfg = Release|Any CPU
		{6EC8D8EE-9881-569B-AA8B-5CB8F82343DA}.Release|Any CPU.Build.0 = Release|Any CPU
		{6EC8D8EE-9881-569B-AA8B-5CB8F82343DA}.Release|x64.ActiveCfg = Release|Any CPU
		{6EC8D8EE-9881-569B-AA8B-5CB8F82343DA}.Release|x64.Build.0 = Release|Any CPU
		{6EC8D8EE-9881-569B-AA8B-5CB8F82343DA}.Release|x86.ActiveCfg = Release|Any CPU
		{6EC8D8EE-9881-569B-AA8B-5CB8F82343DA}.Release|x86.Build.0 = Release|Any CPU
	EndGlobalSection
	GlobalSection(SolutionProperties) = preSolution
		HideSolutionNode = FALSE
	EndGlobalSection
EndGlobal
